Microsoft Visual Studio Solution File, Format Version 11.00
# Visual Studio 2010
Project("{FAE04EC0-301F-11D3-BF4B-00C04F79EFBC}") = "MonthlyConverter", "MonthlyConverter\MonthlyConverter.csproj", "{A0CB92AB-0808-4ADE-8095-CDAF2AF2974C}"
EndProject
Global
	GlobalSection(SolutionConfigurationPlatforms) = preSolution
		Debug|Any CPU = Debug|Any CPU
		Release|Any CPU = Release|Any CPU
	EndGlobalSection
	GlobalSection(ProjectConfigurationPlatforms) = postSolution
		{A0CB92AB-0808-4ADE-8095-CDAF2AF2974C}.Debug|Any CPU.ActiveCfg = Debug|Any CPU
		{A0CB92AB-0808-4ADE-8095-CDAF2AF2974C}.Debug|Any CPU.Build.0 = Debug|Any CPU
		{A0CB92AB-0808-4ADE-8095-CDAF2AF2974C}.Release|Any CPU.ActiveCfg = Release|Any CPU
		{A0CB92AB-0808-4ADE-8095-CDAF2AF2974C}.Release|Any CPU.Build.0 = Release|Any CPU
	EndGlobalSection
	GlobalSection(SolutionProperties) = preSolution
		HideSolutionNode = FALSE
	EndGlobalSection
EndGlobal
